// !$*UTF8*$!
{
	archiveVersion = 1;
	classes = {
	};
	objectVersion = 56;
	objects = {

/* Begin PBXBuildFile section */
		0ABB2A19C1443362ECFE34A7 /* Pods_InPost_Interview_Coding_TaskTests.framework in Frameworks */ = {isa = PBXBuildFile; fileRef = E9D6C720825E15C8DB9CDFC0 /* Pods_InPost_Interview_Coding_TaskTests.framework */; };
		CB0A2C032CFE558300C8B73A /* PackListViewModel.swift in Sources */ = {isa = PBXBuildFile; fileRef = CB0A2C022CFE557E00C8B73A /* PackListViewModel.swift */; };
		CB0A2C132CFE645300C8B73A /* GetPacksUseCase.swift in Sources */ = {isa = PBXBuildFile; fileRef = CB0A2C122CFE644A00C8B73A /* GetPacksUseCase.swift */; };
		CB0A2C152CFE64B200C8B73A /* PackMapper.swift in Sources */ = {isa = PBXBuildFile; fileRef = CB0A2C142CFE64B000C8B73A /* PackMapper.swift */; };
		CB0A2C172CFE650D00C8B73A /* PackListItem.swift in Sources */ = {isa = PBXBuildFile; fileRef = CB0A2C162CFE650C00C8B73A /* PackListItem.swift */; };
		CB0A2C192CFF02FB00C8B73A /* PackListView.swift in Sources */ = {isa = PBXBuildFile; fileRef = CB0A2C182CFF02F800C8B73A /* PackListView.swift */; };
		CB0A2C1B2CFF062400C8B73A /* PackListTableViewDataProvider.swift in Sources */ = {isa = PBXBuildFile; fileRef = CB0A2C1A2CFF061E00C8B73A /* PackListTableViewDataProvider.swift */; };
		CB0A2C1E2CFF18C800C8B73A /* PackListTableViewCell.swift in Sources */ = {isa = PBXBuildFile; fileRef = CB0A2C1D2CFF18C600C8B73A /* PackListTableViewCell.swift */; };
		CB0A2C222CFF47B400C8B73A /* PackListFactory.swift in Sources */ = {isa = PBXBuildFile; fileRef = CB0A2C212CFF47A200C8B73A /* PackListFactory.swift */; };
		CB0A2C252CFF493D00C8B73A /* DependencyProvidersContainer.swift in Sources */ = {isa = PBXBuildFile; fileRef = CB0A2C242CFF493500C8B73A /* DependencyProvidersContainer.swift */; };
		CB0A2C272CFF49AB00C8B73A /* PackListDependencyProvider.swift in Sources */ = {isa = PBXBuildFile; fileRef = CB0A2C262CFF49A000C8B73A /* PackListDependencyProvider.swift */; };
		CB0A2C2B2CFF624A00C8B73A /* APIEndpoint.swift in Sources */ = {isa = PBXBuildFile; fileRef = CB0A2C2A2CFF624300C8B73A /* APIEndpoint.swift */; };
		CB0A2C2D2CFF628900C8B73A /* URLFactory.swift in Sources */ = {isa = PBXBuildFile; fileRef = CB0A2C2C2CFF628300C8B73A /* URLFactory.swift */; };
		CB0A2C2F2CFF63C100C8B73A /* NetworkService.swift in Sources */ = {isa = PBXBuildFile; fileRef = CB0A2C2E2CFF63BC00C8B73A /* NetworkService.swift */; };
		CB0A2C312CFF96CC00C8B73A /* PackListSection.swift in Sources */ = {isa = PBXBuildFile; fileRef = CB0A2C302CFF96C000C8B73A /* PackListSection.swift */; };
		CB0A2C352CFF97AE00C8B73A /* PacksOrganizer.swift in Sources */ = {isa = PBXBuildFile; fileRef = CB0A2C342CFF97AA00C8B73A /* PacksOrganizer.swift */; };
		CB0A2C372CFF97FD00C8B73A /* PackSection.swift in Sources */ = {isa = PBXBuildFile; fileRef = CB0A2C362CFF97F700C8B73A /* PackSection.swift */; };
		CB0A2C392CFFA36900C8B73A /* PackListTableViewSectionHeader.swift in Sources */ = {isa = PBXBuildFile; fileRef = CB0A2C382CFFA36000C8B73A /* PackListTableViewSectionHeader.swift */; };
		CB2002F52D00CA3F004AB29C /* GetPacksUseCaseMock.swift in Sources */ = {isa = PBXBuildFile; fileRef = CB2002F42D00CA3B004AB29C /* GetPacksUseCaseMock.swift */; };
		CB2002F72D00D0E7004AB29C /* PacksOrganizerTests.swift in Sources */ = {isa = PBXBuildFile; fileRef = CB2002F62D00D0E2004AB29C /* PacksOrganizerTests.swift */; };
		CBE1CCED2D00513600C7B714 /* Colors.swift in Sources */ = {isa = PBXBuildFile; fileRef = CBE1CCEC2D00512F00C7B714 /* Colors.swift */; };
		CBE1CCF02D00517500C7B714 /* UIColor+hex.swift in Sources */ = {isa = PBXBuildFile; fileRef = CBE1CCEF2D00517100C7B714 /* UIColor+hex.swift */; };
		CBE1CCF52D00540500C7B714 /* LayoutTokens.swift in Sources */ = {isa = PBXBuildFile; fileRef = CBE1CCF42D0053FB00C7B714 /* LayoutTokens.swift */; };
		CBE1CCF72D00693300C7B714 /* ColorTokens.swift in Sources */ = {isa = PBXBuildFile; fileRef = CBE1CCF62D00692F00C7B714 /* ColorTokens.swift */; };
		CBE1CCF92D006A2A00C7B714 /* AppFont.swift in Sources */ = {isa = PBXBuildFile; fileRef = CBE1CCF82D006A2800C7B714 /* AppFont.swift */; };
		CBE1CD002D006B7A00C7B714 /* Montserrat-Bold.otf in Resources */ = {isa = PBXBuildFile; fileRef = CBE1CCFC2D006B7A00C7B714 /* Montserrat-Bold.otf */; };
		CBE1CD012D006B7A00C7B714 /* Montserrat-Black.otf in Resources */ = {isa = PBXBuildFile; fileRef = CBE1CCFB2D006B7A00C7B714 /* Montserrat-Black.otf */; };
		CBE1CD022D006B7A00C7B714 /* Montserrat-SemiBold.otf in Resources */ = {isa = PBXBuildFile; fileRef = CBE1CCFF2D006B7A00C7B714 /* Montserrat-SemiBold.otf */; };
		CBE1CD032D006B7A00C7B714 /* Montserrat-ExtraBold.otf in Resources */ = {isa = PBXBuildFile; fileRef = CBE1CCFD2D006B7A00C7B714 /* Montserrat-ExtraBold.otf */; };
		CBE1CD042D006B7A00C7B714 /* Montserrat-Medium.otf in Resources */ = {isa = PBXBuildFile; fileRef = CBE1CCFE2D006B7A00C7B714 /* Montserrat-Medium.otf */; };
		CBE1CD0A2D0076D600C7B714 /* NSAttributedString+AppFont.swift in Sources */ = {isa = PBXBuildFile; fileRef = CBE1CD092D0076D600C7B714 /* NSAttributedString+AppFont.swift */; };
		CBE1CD0C2D008F6500C7B714 /* LabeledValueView.swift in Sources */ = {isa = PBXBuildFile; fileRef = CBE1CD0B2D008F4C00C7B714 /* LabeledValueView.swift */; };
		CBE1CD142D00BCA000C7B714 /* PackListViewModelTests.swift in Sources */ = {isa = PBXBuildFile; fileRef = CBE1CD132D00BCA000C7B714 /* PackListViewModelTests.swift */; };
		D671D9582913E528001FA9D5 /* AppDelegate.swift in Sources */ = {isa = PBXBuildFile; fileRef = D671D9572913E528001FA9D5 /* AppDelegate.swift */; };
		D671D95C2913E528001FA9D5 /* PackListController.swift in Sources */ = {isa = PBXBuildFile; fileRef = D671D95B2913E528001FA9D5 /* PackListController.swift */; };
		D671D9612913E529001FA9D5 /* Assets.xcassets in Resources */ = {isa = PBXBuildFile; fileRef = D671D9602913E529001FA9D5 /* Assets.xcassets */; };
		D671D9642913E529001FA9D5 /* LaunchScreen.storyboard in Resources */ = {isa = PBXBuildFile; fileRef = D671D9622913E529001FA9D5 /* LaunchScreen.storyboard */; };
		D671D98C2913EDA4001FA9D5 /* IPNavigationController.swift in Sources */ = {isa = PBXBuildFile; fileRef = D671D98B2913EDA4001FA9D5 /* IPNavigationController.swift */; };
		D671D98F2913F2A1001FA9D5 /* Pack.swift in Sources */ = {isa = PBXBuildFile; fileRef = D671D98E2913F2A1001FA9D5 /* Pack.swift */; };
		D671D9912913F79B001FA9D5 /* PackView.swift in Sources */ = {isa = PBXBuildFile; fileRef = D671D9902913F79B001FA9D5 /* PackView.swift */; };
		D671D9972915111C001FA9D5 /* PackNetworking.swift in Sources */ = {isa = PBXBuildFile; fileRef = D671D9962915111C001FA9D5 /* PackNetworking.swift */; };
		D671D99E2915139F001FA9D5 /* packs.json in Resources */ = {isa = PBXBuildFile; fileRef = D671D99D2915139F001FA9D5 /* packs.json */; };
		E9D6834053AC34681B44D9F7 /* Pods_InPost_Interview_Coding_Task.framework in Frameworks */ = {isa = PBXBuildFile; fileRef = 9D61EABD2778CE163139EDFE /* Pods_InPost_Interview_Coding_Task.framework */; };
/* End PBXBuildFile section */

/* Begin PBXContainerItemProxy section */
		D671D96B2913E529001FA9D5 /* PBXContainerItemProxy */ = {
			isa = PBXContainerItemProxy;
			containerPortal = D671D94C2913E528001FA9D5 /* Project object */;
			proxyType = 1;
			remoteGlobalIDString = D671D9532913E528001FA9D5;
			remoteInfo = "InPost Interview Coding Task";
		};
/* End PBXContainerItemProxy section */

/* Begin PBXFileReference section */
		58AE36A9CE2AB8D6A8D303B3 /* Pods-InPost Interview Coding Task-InPost Interview Coding TaskUITests.debug.xcconfig */ = {isa = PBXFileReference; includeInIndex = 1; lastKnownFileType = text.xcconfig; name = "Pods-InPost Interview Coding Task-InPost Interview Coding TaskUITests.debug.xcconfig"; path = "Target Support Files/Pods-InPost Interview Coding Task-InPost Interview Coding TaskUITests/Pods-InPost Interview Coding Task-InPost Interview Coding TaskUITests.debug.xcconfig"; sourceTree = "<group>"; };
		5E926BF62306256BFA253197 /* Pods-InPost Interview Coding TaskTests.release.xcconfig */ = {isa = PBXFileReference; includeInIndex = 1; lastKnownFileType = text.xcconfig; name = "Pods-InPost Interview Coding TaskTests.release.xcconfig"; path = "Target Support Files/Pods-InPost Interview Coding TaskTests/Pods-InPost Interview Coding TaskTests.release.xcconfig"; sourceTree = "<group>"; };
		83D85C87E2E58F658C011C49 /* Pods-InPost Interview Coding Task.release.xcconfig */ = {isa = PBXFileReference; includeInIndex = 1; lastKnownFileType = text.xcconfig; name = "Pods-InPost Interview Coding Task.release.xcconfig"; path = "Target Support Files/Pods-InPost Interview Coding Task/Pods-InPost Interview Coding Task.release.xcconfig"; sourceTree = "<group>"; };
		86F3EED5272EDA4036556337 /* Pods-InPost Interview Coding Task.debug.xcconfig */ = {isa = PBXFileReference; includeInIndex = 1; lastKnownFileType = text.xcconfig; name = "Pods-InPost Interview Coding Task.debug.xcconfig"; path = "Target Support Files/Pods-InPost Interview Coding Task/Pods-InPost Interview Coding Task.debug.xcconfig"; sourceTree = "<group>"; };
		871FC296EE090F4634A2C236 /* Pods_InPost_Interview_Coding_Task_InPost_Interview_Coding_TaskUITests.framework */ = {isa = PBXFileReference; explicitFileType = wrapper.framework; includeInIndex = 0; path = Pods_InPost_Interview_Coding_Task_InPost_Interview_Coding_TaskUITests.framework; sourceTree = BUILT_PRODUCTS_DIR; };
		96F920E0E0807B41F317A8DF /* Pods-InPost Interview Coding TaskTests.debug.xcconfig */ = {isa = PBXFileReference; includeInIndex = 1; lastKnownFileType = text.xcconfig; name = "Pods-InPost Interview Coding TaskTests.debug.xcconfig"; path = "Target Support Files/Pods-InPost Interview Coding TaskTests/Pods-InPost Interview Coding TaskTests.debug.xcconfig"; sourceTree = "<group>"; };
		9D61EABD2778CE163139EDFE /* Pods_InPost_Interview_Coding_Task.framework */ = {isa = PBXFileReference; explicitFileType = wrapper.framework; includeInIndex = 0; path = Pods_InPost_Interview_Coding_Task.framework; sourceTree = BUILT_PRODUCTS_DIR; };
		CB0A2C022CFE557E00C8B73A /* PackListViewModel.swift */ = {isa = PBXFileReference; lastKnownFileType = sourcecode.swift; path = PackListViewModel.swift; sourceTree = "<group>"; };
		CB0A2C122CFE644A00C8B73A /* GetPacksUseCase.swift */ = {isa = PBXFileReference; lastKnownFileType = sourcecode.swift; path = GetPacksUseCase.swift; sourceTree = "<group>"; };
		CB0A2C142CFE64B000C8B73A /* PackMapper.swift */ = {isa = PBXFileReference; lastKnownFileType = sourcecode.swift; path = PackMapper.swift; sourceTree = "<group>"; };
		CB0A2C162CFE650C00C8B73A /* PackListItem.swift */ = {isa = PBXFileReference; lastKnownFileType = sourcecode.swift; path = PackListItem.swift; sourceTree = "<group>"; };
		CB0A2C182CFF02F800C8B73A /* PackListView.swift */ = {isa = PBXFileReference; lastKnownFileType = sourcecode.swift; path = PackListView.swift; sourceTree = "<group>"; };
		CB0A2C1A2CFF061E00C8B73A /* PackListTableViewDataProvider.swift */ = {isa = PBXFileReference; lastKnownFileType = sourcecode.swift; path = PackListTableViewDataProvider.swift; sourceTree = "<group>"; };
		CB0A2C1D2CFF18C600C8B73A /* PackListTableViewCell.swift */ = {isa = PBXFileReference; lastKnownFileType = sourcecode.swift; path = PackListTableViewCell.swift; sourceTree = "<group>"; };
		CB0A2C212CFF47A200C8B73A /* PackListFactory.swift */ = {isa = PBXFileReference; lastKnownFileType = sourcecode.swift; path = PackListFactory.swift; sourceTree = "<group>"; };
		CB0A2C242CFF493500C8B73A /* DependencyProvidersContainer.swift */ = {isa = PBXFileReference; lastKnownFileType = sourcecode.swift; path = DependencyProvidersContainer.swift; sourceTree = "<group>"; };
		CB0A2C262CFF49A000C8B73A /* PackListDependencyProvider.swift */ = {isa = PBXFileReference; lastKnownFileType = sourcecode.swift; path = PackListDependencyProvider.swift; sourceTree = "<group>"; };
		CB0A2C2A2CFF624300C8B73A /* APIEndpoint.swift */ = {isa = PBXFileReference; lastKnownFileType = sourcecode.swift; path = APIEndpoint.swift; sourceTree = "<group>"; };
		CB0A2C2C2CFF628300C8B73A /* URLFactory.swift */ = {isa = PBXFileReference; lastKnownFileType = sourcecode.swift; path = URLFactory.swift; sourceTree = "<group>"; };
		CB0A2C2E2CFF63BC00C8B73A /* NetworkService.swift */ = {isa = PBXFileReference; lastKnownFileType = sourcecode.swift; path = NetworkService.swift; sourceTree = "<group>"; };
		CB0A2C302CFF96C000C8B73A /* PackListSection.swift */ = {isa = PBXFileReference; lastKnownFileType = sourcecode.swift; path = PackListSection.swift; sourceTree = "<group>"; };
		CB0A2C342CFF97AA00C8B73A /* PacksOrganizer.swift */ = {isa = PBXFileReference; lastKnownFileType = sourcecode.swift; path = PacksOrganizer.swift; sourceTree = "<group>"; };
		CB0A2C362CFF97F700C8B73A /* PackSection.swift */ = {isa = PBXFileReference; lastKnownFileType = sourcecode.swift; path = PackSection.swift; sourceTree = "<group>"; };
		CB0A2C382CFFA36000C8B73A /* PackListTableViewSectionHeader.swift */ = {isa = PBXFileReference; lastKnownFileType = sourcecode.swift; path = PackListTableViewSectionHeader.swift; sourceTree = "<group>"; };
		CB2002F42D00CA3B004AB29C /* GetPacksUseCaseMock.swift */ = {isa = PBXFileReference; lastKnownFileType = sourcecode.swift; path = GetPacksUseCaseMock.swift; sourceTree = "<group>"; };
		CB2002F62D00D0E2004AB29C /* PacksOrganizerTests.swift */ = {isa = PBXFileReference; lastKnownFileType = sourcecode.swift; path = PacksOrganizerTests.swift; sourceTree = "<group>"; };
		CBE1CCEC2D00512F00C7B714 /* Colors.swift */ = {isa = PBXFileReference; lastKnownFileType = sourcecode.swift; path = Colors.swift; sourceTree = "<group>"; };
		CBE1CCEF2D00517100C7B714 /* UIColor+hex.swift */ = {isa = PBXFileReference; lastKnownFileType = sourcecode.swift; path = "UIColor+hex.swift"; sourceTree = "<group>"; };
		CBE1CCF42D0053FB00C7B714 /* LayoutTokens.swift */ = {isa = PBXFileReference; lastKnownFileType = sourcecode.swift; path = LayoutTokens.swift; sourceTree = "<group>"; };
		CBE1CCF62D00692F00C7B714 /* ColorTokens.swift */ = {isa = PBXFileReference; lastKnownFileType = sourcecode.swift; path = ColorTokens.swift; sourceTree = "<group>"; };
		CBE1CCF82D006A2800C7B714 /* AppFont.swift */ = {isa = PBXFileReference; lastKnownFileType = sourcecode.swift; path = AppFont.swift; sourceTree = "<group>"; };
		CBE1CCFB2D006B7A00C7B714 /* Montserrat-Black.otf */ = {isa = PBXFileReference; lastKnownFileType = file; path = "Montserrat-Black.otf"; sourceTree = "<group>"; };
		CBE1CCFC2D006B7A00C7B714 /* Montserrat-Bold.otf */ = {isa = PBXFileReference; lastKnownFileType = file; path = "Montserrat-Bold.otf"; sourceTree = "<group>"; };
		CBE1CCFD2D006B7A00C7B714 /* Montserrat-ExtraBold.otf */ = {isa = PBXFileReference; lastKnownFileType = file; path = "Montserrat-ExtraBold.otf"; sourceTree = "<group>"; };
		CBE1CCFE2D006B7A00C7B714 /* Montserrat-Medium.otf */ = {isa = PBXFileReference; lastKnownFileType = file; path = "Montserrat-Medium.otf"; sourceTree = "<group>"; };
		CBE1CCFF2D006B7A00C7B714 /* Montserrat-SemiBold.otf */ = {isa = PBXFileReference; lastKnownFileType = file; path = "Montserrat-SemiBold.otf"; sourceTree = "<group>"; };
		CBE1CD092D0076D600C7B714 /* NSAttributedString+AppFont.swift */ = {isa = PBXFileReference; lastKnownFileType = sourcecode.swift; path = "NSAttributedString+AppFont.swift"; sourceTree = "<group>"; };
		CBE1CD0B2D008F4C00C7B714 /* LabeledValueView.swift */ = {isa = PBXFileReference; lastKnownFileType = sourcecode.swift; path = LabeledValueView.swift; sourceTree = "<group>"; };
		CBE1CD132D00BCA000C7B714 /* PackListViewModelTests.swift */ = {isa = PBXFileReference; lastKnownFileType = sourcecode.swift; path = PackListViewModelTests.swift; sourceTree = "<group>"; };
		D671D9542913E528001FA9D5 /* InPost Interview Coding Task.app */ = {isa = PBXFileReference; explicitFileType = wrapper.application; includeInIndex = 0; path = "InPost Interview Coding Task.app"; sourceTree = BUILT_PRODUCTS_DIR; };
		D671D9572913E528001FA9D5 /* AppDelegate.swift */ = {isa = PBXFileReference; lastKnownFileType = sourcecode.swift; path = AppDelegate.swift; sourceTree = "<group>"; };
		D671D95B2913E528001FA9D5 /* PackListController.swift */ = {isa = PBXFileReference; lastKnownFileType = sourcecode.swift; path = PackListController.swift; sourceTree = "<group>"; };
		D671D9602913E529001FA9D5 /* Assets.xcassets */ = {isa = PBXFileReference; lastKnownFileType = folder.assetcatalog; path = Assets.xcassets; sourceTree = "<group>"; };
		D671D9632913E529001FA9D5 /* Base */ = {isa = PBXFileReference; lastKnownFileType = file.storyboard; name = Base; path = Base.lproj/LaunchScreen.storyboard; sourceTree = "<group>"; };
		D671D9652913E529001FA9D5 /* Info.plist */ = {isa = PBXFileReference; lastKnownFileType = text.plist.xml; path = Info.plist; sourceTree = "<group>"; };
		D671D96A2913E529001FA9D5 /* InPost Interview Coding TaskTests.xctest */ = {isa = PBXFileReference; explicitFileType = wrapper.cfbundle; includeInIndex = 0; path = "InPost Interview Coding TaskTests.xctest"; sourceTree = BUILT_PRODUCTS_DIR; };
		D671D98B2913EDA4001FA9D5 /* IPNavigationController.swift */ = {isa = PBXFileReference; lastKnownFileType = sourcecode.swift; path = IPNavigationController.swift; sourceTree = "<group>"; };
		D671D98E2913F2A1001FA9D5 /* Pack.swift */ = {isa = PBXFileReference; lastKnownFileType = sourcecode.swift; path = Pack.swift; sourceTree = "<group>"; };
		D671D9902913F79B001FA9D5 /* PackView.swift */ = {isa = PBXFileReference; lastKnownFileType = sourcecode.swift; path = PackView.swift; sourceTree = "<group>"; };
		D671D9962915111C001FA9D5 /* PackNetworking.swift */ = {isa = PBXFileReference; lastKnownFileType = sourcecode.swift; path = PackNetworking.swift; sourceTree = "<group>"; };
		D671D99D2915139F001FA9D5 /* packs.json */ = {isa = PBXFileReference; lastKnownFileType = text.json; path = packs.json; sourceTree = "<group>"; };
		E9D6C720825E15C8DB9CDFC0 /* Pods_InPost_Interview_Coding_TaskTests.framework */ = {isa = PBXFileReference; explicitFileType = wrapper.framework; includeInIndex = 0; path = Pods_InPost_Interview_Coding_TaskTests.framework; sourceTree = BUILT_PRODUCTS_DIR; };
		FE0ADA89C9F6B8ABEECD7623 /* Pods-InPost Interview Coding Task-InPost Interview Coding TaskUITests.release.xcconfig */ = {isa = PBXFileReference; includeInIndex = 1; lastKnownFileType = text.xcconfig; name = "Pods-InPost Interview Coding Task-InPost Interview Coding TaskUITests.release.xcconfig"; path = "Target Support Files/Pods-InPost Interview Coding Task-InPost Interview Coding TaskUITests/Pods-InPost Interview Coding Task-InPost Interview Coding TaskUITests.release.xcconfig"; sourceTree = "<group>"; };
/* End PBXFileReference section */

/* Begin PBXFrameworksBuildPhase section */
		D671D9512913E528001FA9D5 /* Frameworks */ = {
			isa = PBXFrameworksBuildPhase;
			buildActionMask = 2147483647;
			files = (
				E9D6834053AC34681B44D9F7 /* Pods_InPost_Interview_Coding_Task.framework in Frameworks */,
			);
			runOnlyForDeploymentPostprocessing = 0;
		};
		D671D9672913E529001FA9D5 /* Frameworks */ = {
			isa = PBXFrameworksBuildPhase;
			buildActionMask = 2147483647;
			files = (
				0ABB2A19C1443362ECFE34A7 /* Pods_InPost_Interview_Coding_TaskTests.framework in Frameworks */,
			);
			runOnlyForDeploymentPostprocessing = 0;
		};
/* End PBXFrameworksBuildPhase section */

/* Begin PBXGroup section */
		913D9F73B32F33C130C9E20B /* Frameworks */ = {
			isa = PBXGroup;
			children = (
				9D61EABD2778CE163139EDFE /* Pods_InPost_Interview_Coding_Task.framework */,
				871FC296EE090F4634A2C236 /* Pods_InPost_Interview_Coding_Task_InPost_Interview_Coding_TaskUITests.framework */,
				E9D6C720825E15C8DB9CDFC0 /* Pods_InPost_Interview_Coding_TaskTests.framework */,
			);
			name = Frameworks;
			sourceTree = "<group>";
		};
		A71A50FC3ACE229B9D6CDC43 /* Pods */ = {
			isa = PBXGroup;
			children = (
				86F3EED5272EDA4036556337 /* Pods-InPost Interview Coding Task.debug.xcconfig */,
				83D85C87E2E58F658C011C49 /* Pods-InPost Interview Coding Task.release.xcconfig */,
				58AE36A9CE2AB8D6A8D303B3 /* Pods-InPost Interview Coding Task-InPost Interview Coding TaskUITests.debug.xcconfig */,
				FE0ADA89C9F6B8ABEECD7623 /* Pods-InPost Interview Coding Task-InPost Interview Coding TaskUITests.release.xcconfig */,
				96F920E0E0807B41F317A8DF /* Pods-InPost Interview Coding TaskTests.debug.xcconfig */,
				5E926BF62306256BFA253197 /* Pods-InPost Interview Coding TaskTests.release.xcconfig */,
			);
			path = Pods;
			sourceTree = "<group>";
		};
		CB0A2BFF2CFE554D00C8B73A /* View */ = {
			isa = PBXGroup;
			children = (
				CB0A2C1C2CFF18BD00C8B73A /* TableView */,
				CB0A2C182CFF02F800C8B73A /* PackListView.swift */,
				D671D9922913F81D001FA9D5 /* PackView */,
				D671D95B2913E528001FA9D5 /* PackListController.swift */,
			);
			path = View;
			sourceTree = "<group>";
		};
		CB0A2C002CFE555200C8B73A /* Model */ = {
			isa = PBXGroup;
			children = (
				CB0A2C122CFE644A00C8B73A /* GetPacksUseCase.swift */,
				CB0A2C342CFF97AA00C8B73A /* PacksOrganizer.swift */,
				CB0A2C142CFE64B000C8B73A /* PackMapper.swift */,
				D671D98E2913F2A1001FA9D5 /* Pack.swift */,
				CB0A2C362CFF97F700C8B73A /* PackSection.swift */,
			);
			path = Model;
			sourceTree = "<group>";
		};
		CB0A2C012CFE555600C8B73A /* ViewModel */ = {
			isa = PBXGroup;
			children = (
				CB0A2C022CFE557E00C8B73A /* PackListViewModel.swift */,
				CB0A2C302CFF96C000C8B73A /* PackListSection.swift */,
				CB0A2C162CFE650C00C8B73A /* PackListItem.swift */,
			);
			path = ViewModel;
			sourceTree = "<group>";
		};
		CB0A2C1C2CFF18BD00C8B73A /* TableView */ = {
			isa = PBXGroup;
			children = (
				CB0A2C1D2CFF18C600C8B73A /* PackListTableViewCell.swift */,
				CB0A2C382CFFA36000C8B73A /* PackListTableViewSectionHeader.swift */,
				CB0A2C1A2CFF061E00C8B73A /* PackListTableViewDataProvider.swift */,
			);
			path = TableView;
			sourceTree = "<group>";
		};
		CB0A2C202CFF476500C8B73A /* DependencyInjection */ = {
			isa = PBXGroup;
			children = (
				CB0A2C292CFF546900C8B73A /* Providers */,
				CB0A2C282CFF545D00C8B73A /* Factories */,
			);
			path = DependencyInjection;
			sourceTree = "<group>";
		};
		CB0A2C282CFF545D00C8B73A /* Factories */ = {
			isa = PBXGroup;
			children = (
				CB0A2C212CFF47A200C8B73A /* PackListFactory.swift */,
			);
			path = Factories;
			sourceTree = "<group>";
		};
		CB0A2C292CFF546900C8B73A /* Providers */ = {
			isa = PBXGroup;
			children = (
				CB0A2C262CFF49A000C8B73A /* PackListDependencyProvider.swift */,
				CB0A2C242CFF493500C8B73A /* DependencyProvidersContainer.swift */,
			);
			path = Providers;
			sourceTree = "<group>";
		};
		CB2002F22D00CA32004AB29C /* Model */ = {
			isa = PBXGroup;
			children = (
				CB2002F62D00D0E2004AB29C /* PacksOrganizerTests.swift */,
				CB2002F32D00CA37004AB29C /* Mocks */,
			);
			path = Model;
			sourceTree = "<group>";
		};
		CB2002F32D00CA37004AB29C /* Mocks */ = {
			isa = PBXGroup;
			children = (
				CB2002F42D00CA3B004AB29C /* GetPacksUseCaseMock.swift */,
			);
			path = Mocks;
			sourceTree = "<group>";
		};
		CBE1CCEE2D00516200C7B714 /* Utilities */ = {
			isa = PBXGroup;
			children = (
				CBE1CCEF2D00517100C7B714 /* UIColor+hex.swift */,
			);
			path = Utilities;
			sourceTree = "<group>";
		};
		CBE1CCF12D0051F300C7B714 /* DesignSystem */ = {
			isa = PBXGroup;
			children = (
				CBE1CCFA2D006B6D00C7B714 /* Font */,
				CBE1CCF62D00692F00C7B714 /* ColorTokens.swift */,
				CBE1CCF42D0053FB00C7B714 /* LayoutTokens.swift */,
				CBE1CCEC2D00512F00C7B714 /* Colors.swift */,
			);
			path = DesignSystem;
			sourceTree = "<group>";
		};
		CBE1CCFA2D006B6D00C7B714 /* Font */ = {
			isa = PBXGroup;
			children = (
				CBE1CCF82D006A2800C7B714 /* AppFont.swift */,
				CBE1CCFB2D006B7A00C7B714 /* Montserrat-Black.otf */,
				CBE1CCFC2D006B7A00C7B714 /* Montserrat-Bold.otf */,
				CBE1CCFD2D006B7A00C7B714 /* Montserrat-ExtraBold.otf */,
				CBE1CCFE2D006B7A00C7B714 /* Montserrat-Medium.otf */,
				CBE1CCFF2D006B7A00C7B714 /* Montserrat-SemiBold.otf */,
			);
			path = Font;
			sourceTree = "<group>";
		};
		CBE1CD0D2D00BBED00C7B714 /* AppFlow */ = {
			isa = PBXGroup;
			children = (
				CBE1CD0E2D00BBF200C7B714 /* PackList */,
			);
			path = AppFlow;
			sourceTree = "<group>";
		};
		CBE1CD0E2D00BBF200C7B714 /* PackList */ = {
			isa = PBXGroup;
			children = (
				CB2002F22D00CA32004AB29C /* Model */,
				CBE1CD102D00BC4000C7B714 /* ViewModel */,
			);
			path = PackList;
			sourceTree = "<group>";
		};
		CBE1CD0F2D00BC0900C7B714 /* PackList */ = {
			isa = PBXGroup;
			children = (
				CB0A2C002CFE555200C8B73A /* Model */,
				CB0A2BFF2CFE554D00C8B73A /* View */,
				CB0A2C012CFE555600C8B73A /* ViewModel */,
			);
			path = PackList;
			sourceTree = "<group>";
		};
		CBE1CD102D00BC4000C7B714 /* ViewModel */ = {
			isa = PBXGroup;
			children = (
				CBE1CD132D00BCA000C7B714 /* PackListViewModelTests.swift */,
			);
			path = ViewModel;
			sourceTree = "<group>";
		};
		D671D94B2913E528001FA9D5 = {
			isa = PBXGroup;
			children = (
				D671D9562913E528001FA9D5 /* InPost Interview Coding Task */,
				D671D96D2913E529001FA9D5 /* InPost Interview Coding TaskTests */,
				D671D9552913E528001FA9D5 /* Products */,
				A71A50FC3ACE229B9D6CDC43 /* Pods */,
				913D9F73B32F33C130C9E20B /* Frameworks */,
			);
			sourceTree = "<group>";
		};
		D671D9552913E528001FA9D5 /* Products */ = {
			isa = PBXGroup;
			children = (
				D671D9542913E528001FA9D5 /* InPost Interview Coding Task.app */,
				D671D96A2913E529001FA9D5 /* InPost Interview Coding TaskTests.xctest */,
			);
			name = Products;
			sourceTree = "<group>";
		};
		D671D9562913E528001FA9D5 /* InPost Interview Coding Task */ = {
			isa = PBXGroup;
			children = (
				D671D9872913E649001FA9D5 /* App */,
				D671D9892913E685001FA9D5 /* AppFlow */,
				D671D98A2913ED95001FA9D5 /* Controls */,
				CB0A2C202CFF476500C8B73A /* DependencyInjection */,
				D671D9952915110C001FA9D5 /* Networking */,
				CBE1CCEE2D00516200C7B714 /* Utilities */,
				D671D9652913E529001FA9D5 /* Info.plist */,
			);
			path = "InPost Interview Coding Task";
			sourceTree = "<group>";
		};
		D671D96D2913E529001FA9D5 /* InPost Interview Coding TaskTests */ = {
			isa = PBXGroup;
			children = (
				CBE1CD0D2D00BBED00C7B714 /* AppFlow */,
			);
			path = "InPost Interview Coding TaskTests";
			sourceTree = "<group>";
		};
		D671D9872913E649001FA9D5 /* App */ = {
			isa = PBXGroup;
			children = (
				D671D9882913E677001FA9D5 /* Assets */,
				D671D9572913E528001FA9D5 /* AppDelegate.swift */,
			);
			path = App;
			sourceTree = "<group>";
		};
		D671D9882913E677001FA9D5 /* Assets */ = {
			isa = PBXGroup;
			children = (
				CBE1CCF12D0051F300C7B714 /* DesignSystem */,
				D671D9602913E529001FA9D5 /* Assets.xcassets */,
				D671D9622913E529001FA9D5 /* LaunchScreen.storyboard */,
			);
			path = Assets;
			sourceTree = "<group>";
		};
		D671D9892913E685001FA9D5 /* AppFlow */ = {
			isa = PBXGroup;
			children = (
				CBE1CD0F2D00BC0900C7B714 /* PackList */,
			);
			path = AppFlow;
			sourceTree = "<group>";
		};
		D671D98A2913ED95001FA9D5 /* Controls */ = {
			isa = PBXGroup;
			children = (
				CBE1CD092D0076D600C7B714 /* NSAttributedString+AppFont.swift */,
				D671D98B2913EDA4001FA9D5 /* IPNavigationController.swift */,
			);
			path = Controls;
			sourceTree = "<group>";
		};
		D671D9922913F81D001FA9D5 /* PackView */ = {
			isa = PBXGroup;
			children = (
				CBE1CD0B2D008F4C00C7B714 /* LabeledValueView.swift */,
				D671D9902913F79B001FA9D5 /* PackView.swift */,
			);
			path = PackView;
			sourceTree = "<group>";
		};
		D671D9952915110C001FA9D5 /* Networking */ = {
			isa = PBXGroup;
			children = (
				CB0A2C2E2CFF63BC00C8B73A /* NetworkService.swift */,
				CB0A2C2A2CFF624300C8B73A /* APIEndpoint.swift */,
				CB0A2C2C2CFF628300C8B73A /* URLFactory.swift */,
				D671D99929151360001FA9D5 /* Mock */,
				D671D9962915111C001FA9D5 /* PackNetworking.swift */,
			);
			path = Networking;
			sourceTree = "<group>";
		};
		D671D99929151360001FA9D5 /* Mock */ = {
			isa = PBXGroup;
			children = (
				D671D99D2915139F001FA9D5 /* packs.json */,
			);
			path = Mock;
			sourceTree = "<group>";
		};
/* End PBXGroup section */

/* Begin PBXNativeTarget section */
		D671D9532913E528001FA9D5 /* InPost Interview Coding Task */ = {
			isa = PBXNativeTarget;
			buildConfigurationList = D671D97E2913E529001FA9D5 /* Build configuration list for PBXNativeTarget "InPost Interview Coding Task" */;
			buildPhases = (
				FC954554E1E3B07743627ED0 /* [CP] Check Pods Manifest.lock */,
				D671D9502913E528001FA9D5 /* Sources */,
				D671D9512913E528001FA9D5 /* Frameworks */,
				D671D9522913E528001FA9D5 /* Resources */,
				38E58F8B2CE720D262223E4E /* [CP] Embed Pods Frameworks */,
			);
			buildRules = (
			);
			dependencies = (
			);
			name = "InPost Interview Coding Task";
			productName = "InPost Interview Coding Task";
			productReference = D671D9542913E528001FA9D5 /* InPost Interview Coding Task.app */;
			productType = "com.apple.product-type.application";
		};
		D671D9692913E529001FA9D5 /* InPost Interview Coding TaskTests */ = {
			isa = PBXNativeTarget;
			buildConfigurationList = D671D9812913E529001FA9D5 /* Build configuration list for PBXNativeTarget "InPost Interview Coding TaskTests" */;
			buildPhases = (
				E24844EC088020A39DB1E76C /* [CP] Check Pods Manifest.lock */,
				D671D9662913E529001FA9D5 /* Sources */,
				D671D9672913E529001FA9D5 /* Frameworks */,
				D671D9682913E529001FA9D5 /* Resources */,
			);
			buildRules = (
			);
			dependencies = (
				D671D96C2913E529001FA9D5 /* PBXTargetDependency */,
			);
			name = "InPost Interview Coding TaskTests";
			productName = "InPost Interview Coding TaskTests";
			productReference = D671D96A2913E529001FA9D5 /* InPost Interview Coding TaskTests.xctest */;
			productType = "com.apple.product-type.bundle.unit-test";
		};
/* End PBXNativeTarget section */

/* Begin PBXProject section */
		D671D94C2913E528001FA9D5 /* Project object */ = {
			isa = PBXProject;
			attributes = {
				BuildIndependentTargetsInParallel = 1;
				LastSwiftUpdateCheck = 1410;
				LastUpgradeCheck = 1410;
				TargetAttributes = {
					D671D9532913E528001FA9D5 = {
						CreatedOnToolsVersion = 14.1;
					};
					D671D9692913E529001FA9D5 = {
						CreatedOnToolsVersion = 14.1;
						TestTargetID = D671D9532913E528001FA9D5;
					};
				};
			};
			buildConfigurationList = D671D94F2913E528001FA9D5 /* Build configuration list for PBXProject "InPost Interview Coding Task" */;
			compatibilityVersion = "Xcode 14.0";
			developmentRegion = en;
			hasScannedForEncodings = 0;
			knownRegions = (
				en,
				Base,
			);
			mainGroup = D671D94B2913E528001FA9D5;
			productRefGroup = D671D9552913E528001FA9D5 /* Products */;
			projectDirPath = "";
			projectRoot = "";
			targets = (
				D671D9532913E528001FA9D5 /* InPost Interview Coding Task */,
				D671D9692913E529001FA9D5 /* InPost Interview Coding TaskTests */,
			);
		};
/* End PBXProject section */

/* Begin PBXResourcesBuildPhase section */
		D671D9522913E528001FA9D5 /* Resources */ = {
			isa = PBXResourcesBuildPhase;
			buildActionMask = 2147483647;
			files = (
				D671D9642913E529001FA9D5 /* LaunchScreen.storyboard in Resources */,
				D671D99E2915139F001FA9D5 /* packs.json in Resources */,
				CBE1CD002D006B7A00C7B714 /* Montserrat-Bold.otf in Resources */,
				CBE1CD012D006B7A00C7B714 /* Montserrat-Black.otf in Resources */,
				CBE1CD022D006B7A00C7B714 /* Montserrat-SemiBold.otf in Resources */,
				CBE1CD032D006B7A00C7B714 /* Montserrat-ExtraBold.otf in Resources */,
				CBE1CD042D006B7A00C7B714 /* Montserrat-Medium.otf in Resources */,
				D671D9612913E529001FA9D5 /* Assets.xcassets in Resources */,
			);
			runOnlyForDeploymentPostprocessing = 0;
		};
		D671D9682913E529001FA9D5 /* Resources */ = {
			isa = PBXResourcesBuildPhase;
			buildActionMask = 2147483647;
			files = (
			);
			runOnlyForDeploymentPostprocessing = 0;
		};
/* End PBXResourcesBuildPhase section */

/* Begin PBXShellScriptBuildPhase section */
		38E58F8B2CE720D262223E4E /* [CP] Embed Pods Frameworks */ = {
			isa = PBXShellScriptBuildPhase;
			buildActionMask = 2147483647;
			files = (
			);
			inputFileListPaths = (
				"${PODS_ROOT}/Target Support Files/Pods-InPost Interview Coding Task/Pods-InPost Interview Coding Task-frameworks-${CONFIGURATION}-input-files.xcfilelist",
			);
			name = "[CP] Embed Pods Frameworks";
			outputFileListPaths = (
				"${PODS_ROOT}/Target Support Files/Pods-InPost Interview Coding Task/Pods-InPost Interview Coding Task-frameworks-${CONFIGURATION}-output-files.xcfilelist",
			);
			runOnlyForDeploymentPostprocessing = 0;
			shellPath = /bin/sh;
			shellScript = "\"${PODS_ROOT}/Target Support Files/Pods-InPost Interview Coding Task/Pods-InPost Interview Coding Task-frameworks.sh\"\n";
			showEnvVarsInLog = 0;
		};
		E24844EC088020A39DB1E76C /* [CP] Check Pods Manifest.lock */ = {
			isa = PBXShellScriptBuildPhase;
			buildActionMask = 2147483647;
			files = (
			);
			inputFileListPaths = (
			);
			inputPaths = (
				"${PODS_PODFILE_DIR_PATH}/Podfile.lock",
				"${PODS_ROOT}/Manifest.lock",
			);
			name = "[CP] Check Pods Manifest.lock";
			outputFileListPaths = (
			);
			outputPaths = (
				"$(DERIVED_FILE_DIR)/Pods-InPost Interview Coding TaskTests-checkManifestLockResult.txt",
			);
			runOnlyForDeploymentPostprocessing = 0;
			shellPath = /bin/sh;
			shellScript = "diff \"${PODS_PODFILE_DIR_PATH}/Podfile.lock\" \"${PODS_ROOT}/Manifest.lock\" > /dev/null\nif [ $? != 0 ] ; then\n    # print error to STDERR\n    echo \"error: The sandbox is not in sync with the Podfile.lock. Run 'pod install' or update your CocoaPods installation.\" >&2\n    exit 1\nfi\n# This output is used by Xcode 'outputs' to avoid re-running this script phase.\necho \"SUCCESS\" > \"${SCRIPT_OUTPUT_FILE_0}\"\n";
			showEnvVarsInLog = 0;
		};
		FC954554E1E3B07743627ED0 /* [CP] Check Pods Manifest.lock */ = {
			isa = PBXShellScriptBuildPhase;
			buildActionMask = 2147483647;
			files = (
			);
			inputFileListPaths = (
			);
			inputPaths = (
				"${PODS_PODFILE_DIR_PATH}/Podfile.lock",
				"${PODS_ROOT}/Manifest.lock",
			);
			name = "[CP] Check Pods Manifest.lock";
			outputFileListPaths = (
			);
			outputPaths = (
				"$(DERIVED_FILE_DIR)/Pods-InPost Interview Coding Task-checkManifestLockResult.txt",
			);
			runOnlyForDeploymentPostprocessing = 0;
			shellPath = /bin/sh;
			shellScript = "diff \"${PODS_PODFILE_DIR_PATH}/Podfile.lock\" \"${PODS_ROOT}/Manifest.lock\" > /dev/null\nif [ $? != 0 ] ; then\n    # print error to STDERR\n    echo \"error: The sandbox is not in sync with the Podfile.lock. Run 'pod install' or update your CocoaPods installation.\" >&2\n    exit 1\nfi\n# This output is used by Xcode 'outputs' to avoid re-running this script phase.\necho \"SUCCESS\" > \"${SCRIPT_OUTPUT_FILE_0}\"\n";
			showEnvVarsInLog = 0;
		};
/* End PBXShellScriptBuildPhase section */

/* Begin PBXSourcesBuildPhase section */
		D671D9502913E528001FA9D5 /* Sources */ = {
			isa = PBXSourcesBuildPhase;
			buildActionMask = 2147483647;
			files = (
				CBE1CCF92D006A2A00C7B714 /* AppFont.swift in Sources */,
				CB0A2C272CFF49AB00C8B73A /* PackListDependencyProvider.swift in Sources */,
				CBE1CCED2D00513600C7B714 /* Colors.swift in Sources */,
				D671D9972915111C001FA9D5 /* PackNetworking.swift in Sources */,
				CB0A2C1B2CFF062400C8B73A /* PackListTableViewDataProvider.swift in Sources */,
				CB0A2C192CFF02FB00C8B73A /* PackListView.swift in Sources */,
				D671D98F2913F2A1001FA9D5 /* Pack.swift in Sources */,
				CB0A2C172CFE650D00C8B73A /* PackListItem.swift in Sources */,
				D671D98C2913EDA4001FA9D5 /* IPNavigationController.swift in Sources */,
				CB0A2C132CFE645300C8B73A /* GetPacksUseCase.swift in Sources */,
				CB0A2C312CFF96CC00C8B73A /* PackListSection.swift in Sources */,
				CB0A2C392CFFA36900C8B73A /* PackListTableViewSectionHeader.swift in Sources */,
				CB0A2C252CFF493D00C8B73A /* DependencyProvidersContainer.swift in Sources */,
				CBE1CCF02D00517500C7B714 /* UIColor+hex.swift in Sources */,
				CB0A2C032CFE558300C8B73A /* PackListViewModel.swift in Sources */,
				D671D95C2913E528001FA9D5 /* PackListController.swift in Sources */,
				CB0A2C372CFF97FD00C8B73A /* PackSection.swift in Sources */,
				CB0A2C352CFF97AE00C8B73A /* PacksOrganizer.swift in Sources */,
				CBE1CCF52D00540500C7B714 /* LayoutTokens.swift in Sources */,
				CBE1CCF72D00693300C7B714 /* ColorTokens.swift in Sources */,
				CBE1CD0C2D008F6500C7B714 /* LabeledValueView.swift in Sources */,
				CB0A2C1E2CFF18C800C8B73A /* PackListTableViewCell.swift in Sources */,
				CB0A2C152CFE64B200C8B73A /* PackMapper.swift in Sources */,
				D671D9912913F79B001FA9D5 /* PackView.swift in Sources */,
				CB0A2C2D2CFF628900C8B73A /* URLFactory.swift in Sources */,
				CBE1CD0A2D0076D600C7B714 /* NSAttributedString+AppFont.swift in Sources */,
				CB0A2C2F2CFF63C100C8B73A /* NetworkService.swift in Sources */,
				CB0A2C2B2CFF624A00C8B73A /* APIEndpoint.swift in Sources */,
				D671D9582913E528001FA9D5 /* AppDelegate.swift in Sources */,
				CB0A2C222CFF47B400C8B73A /* PackListFactory.swift in Sources */,
			);
			runOnlyForDeploymentPostprocessing = 0;
		};
		D671D9662913E529001FA9D5 /* Sources */ = {
			isa = PBXSourcesBuildPhase;
			buildActionMask = 2147483647;
			files = (
				CB2002F52D00CA3F004AB29C /* GetPacksUseCaseMock.swift in Sources */,
				CBE1CD142D00BCA000C7B714 /* PackListViewModelTests.swift in Sources */,
				CB2002F72D00D0E7004AB29C /* PacksOrganizerTests.swift in Sources */,
			);
			runOnlyForDeploymentPostprocessing = 0;
		};
/* End PBXSourcesBuildPhase section */

/* Begin PBXTargetDependency section */
		D671D96C2913E529001FA9D5 /* PBXTargetDependency */ = {
			isa = PBXTargetDependency;
			target = D671D9532913E528001FA9D5 /* InPost Interview Coding Task */;
			targetProxy = D671D96B2913E529001FA9D5 /* PBXContainerItemProxy */;
		};
/* End PBXTargetDependency section */

/* Begin PBXVariantGroup section */
		D671D9622913E529001FA9D5 /* LaunchScreen.storyboard */ = {
			isa = PBXVariantGroup;
			children = (
				D671D9632913E529001FA9D5 /* Base */,
			);
			name = LaunchScreen.storyboard;
			sourceTree = "<group>";
		};
/* End PBXVariantGroup section */

/* Begin XCBuildConfiguration section */
		D671D97C2913E529001FA9D5 /* Debug */ = {
			isa = XCBuildConfiguration;
			buildSettings = {
				ALWAYS_SEARCH_USER_PATHS = NO;
				CLANG_ANALYZER_NONNULL = YES;
				CLANG_ANALYZER_NUMBER_OBJECT_CONVERSION = YES_AGGRESSIVE;
				CLANG_CXX_LANGUAGE_STANDARD = "gnu++20";
				CLANG_ENABLE_MODULES = YES;
				CLANG_ENABLE_OBJC_ARC = YES;
				CLANG_ENABLE_OBJC_WEAK = YES;
				CLANG_WARN_BLOCK_CAPTURE_AUTORELEASING = YES;
				CLANG_WARN_BOOL_CONVERSION = YES;
				CLANG_WARN_COMMA = YES;
				CLANG_WARN_CONSTANT_CONVERSION = YES;
				CLANG_WARN_DEPRECATED_OBJC_IMPLEMENTATIONS = YES;
				CLANG_WARN_DIRECT_OBJC_ISA_USAGE = YES_ERROR;
				CLANG_WARN_DOCUMENTATION_COMMENTS = YES;
				CLANG_WARN_EMPTY_BODY = YES;
				CLANG_WARN_ENUM_CONVERSION = YES;
				CLANG_WARN_INFINITE_RECURSION = YES;
				CLANG_WARN_INT_CONVERSION = YES;
				CLANG_WARN_NON_LITERAL_NULL_CONVERSION = YES;
				CLANG_WARN_OBJC_IMPLICIT_RETAIN_SELF = YES;
				CLANG_WARN_OBJC_LITERAL_CONVERSION = YES;
				CLANG_WARN_OBJC_ROOT_CLASS = YES_ERROR;
				CLANG_WARN_QUOTED_INCLUDE_IN_FRAMEWORK_HEADER = YES;
				CLANG_WARN_RANGE_LOOP_ANALYSIS = YES;
				CLANG_WARN_STRICT_PROTOTYPES = YES;
				CLANG_WARN_SUSPICIOUS_MOVE = YES;
				CLANG_WARN_UNGUARDED_AVAILABILITY = YES_AGGRESSIVE;
				CLANG_WARN_UNREACHABLE_CODE = YES;
				CLANG_WARN__DUPLICATE_METHOD_MATCH = YES;
				COPY_PHASE_STRIP = NO;
				DEBUG_INFORMATION_FORMAT = dwarf;
				ENABLE_STRICT_OBJC_MSGSEND = YES;
				ENABLE_TESTABILITY = YES;
				GCC_C_LANGUAGE_STANDARD = gnu11;
				GCC_DYNAMIC_NO_PIC = NO;
				GCC_NO_COMMON_BLOCKS = YES;
				GCC_OPTIMIZATION_LEVEL = 0;
				GCC_PREPROCESSOR_DEFINITIONS = (
					"DEBUG=1",
					"$(inherited)",
				);
				GCC_WARN_64_TO_32_BIT_CONVERSION = YES;
				GCC_WARN_ABOUT_RETURN_TYPE = YES_ERROR;
				GCC_WARN_UNDECLARED_SELECTOR = YES;
				GCC_WARN_UNINITIALIZED_AUTOS = YES_AGGRESSIVE;
				GCC_WARN_UNUSED_FUNCTION = YES;
				GCC_WARN_UNUSED_VARIABLE = YES;
				IPHONEOS_DEPLOYMENT_TARGET = 16.1;
				MTL_ENABLE_DEBUG_INFO = INCLUDE_SOURCE;
				MTL_FAST_MATH = YES;
				ONLY_ACTIVE_ARCH = YES;
				SDKROOT = iphoneos;
				SWIFT_ACTIVE_COMPILATION_CONDITIONS = DEBUG;
				SWIFT_OPTIMIZATION_LEVEL = "-Onone";
			};
			name = Debug;
		};
		D671D97D2913E529001FA9D5 /* Release */ = {
			isa = XCBuildConfiguration;
			buildSettings = {
				ALWAYS_SEARCH_USER_PATHS = NO;
				CLANG_ANALYZER_NONNULL = YES;
				CLANG_ANALYZER_NUMBER_OBJECT_CONVERSION = YES_AGGRESSIVE;
				CLANG_CXX_LANGUAGE_STANDARD = "gnu++20";
				CLANG_ENABLE_MODULES = YES;
				CLANG_ENABLE_OBJC_ARC = YES;
				CLANG_ENABLE_OBJC_WEAK = YES;
				CLANG_WARN_BLOCK_CAPTURE_AUTORELEASING = YES;
				CLANG_WARN_BOOL_CONVERSION = YES;
				CLANG_WARN_COMMA = YES;
				CLANG_WARN_CONSTANT_CONVERSION = YES;
				CLANG_WARN_DEPRECATED_OBJC_IMPLEMENTATIONS = YES;
				CLANG_WARN_DIRECT_OBJC_ISA_USAGE = YES_ERROR;
				CLANG_WARN_DOCUMENTATION_COMMENTS = YES;
				CLANG_WARN_EMPTY_BODY = YES;
				CLANG_WARN_ENUM_CONVERSION = YES;
				CLANG_WARN_INFINITE_RECURSION = YES;
				CLANG_WARN_INT_CONVERSION = YES;
				CLANG_WARN_NON_LITERAL_NULL_CONVERSION = YES;
				CLANG_WARN_OBJC_IMPLICIT_RETAIN_SELF = YES;
				CLANG_WARN_OBJC_LITERAL_CONVERSION = YES;
				CLANG_WARN_OBJC_ROOT_CLASS = YES_ERROR;
				CLANG_WARN_QUOTED_INCLUDE_IN_FRAMEWORK_HEADER = YES;
				CLANG_WARN_RANGE_LOOP_ANALYSIS = YES;
				CLANG_WARN_STRICT_PROTOTYPES = YES;
				CLANG_WARN_SUSPICIOUS_MOVE = YES;
				CLANG_WARN_UNGUARDED_AVAILABILITY = YES_AGGRESSIVE;
				CLANG_WARN_UNREACHABLE_CODE = YES;
				CLANG_WARN__DUPLICATE_METHOD_MATCH = YES;
				COPY_PHASE_STRIP = NO;
				DEBUG_INFORMATION_FORMAT = "dwarf-with-dsym";
				ENABLE_NS_ASSERTIONS = NO;
				ENABLE_STRICT_OBJC_MSGSEND = YES;
				GCC_C_LANGUAGE_STANDARD = gnu11;
				GCC_NO_COMMON_BLOCKS = YES;
				GCC_WARN_64_TO_32_BIT_CONVERSION = YES;
				GCC_WARN_ABOUT_RETURN_TYPE = YES_ERROR;
				GCC_WARN_UNDECLARED_SELECTOR = YES;
				GCC_WARN_UNINITIALIZED_AUTOS = YES_AGGRESSIVE;
				GCC_WARN_UNUSED_FUNCTION = YES;
				GCC_WARN_UNUSED_VARIABLE = YES;
				IPHONEOS_DEPLOYMENT_TARGET = 16.1;
				MTL_ENABLE_DEBUG_INFO = NO;
				MTL_FAST_MATH = YES;
				SDKROOT = iphoneos;
				SWIFT_COMPILATION_MODE = wholemodule;
				SWIFT_OPTIMIZATION_LEVEL = "-O";
				VALIDATE_PRODUCT = YES;
			};
			name = Release;
		};
		D671D97F2913E529001FA9D5 /* Debug */ = {
			isa = XCBuildConfiguration;
			baseConfigurationReference = 86F3EED5272EDA4036556337 /* Pods-InPost Interview Coding Task.debug.xcconfig */;
			buildSettings = {
				ASSETCATALOG_COMPILER_APPICON_NAME = AppIcon;
				ASSETCATALOG_COMPILER_GLOBAL_ACCENT_COLOR_NAME = AccentColor;
				CODE_SIGN_STYLE = Automatic;
				CURRENT_PROJECT_VERSION = 1;
				DEVELOPMENT_TEAM = "";
				GENERATE_INFOPLIST_FILE = YES;
				INFOPLIST_FILE = "InPost Interview Coding Task/Info.plist";
				INFOPLIST_KEY_CFBundleDisplayName = "InPost Recruitment Task";
				INFOPLIST_KEY_UIApplicationSupportsIndirectInputEvents = YES;
				INFOPLIST_KEY_UILaunchStoryboardName = LaunchScreen.storyboard;
				INFOPLIST_KEY_UISupportedInterfaceOrientations = "UIInterfaceOrientationLandscapeLeft UIInterfaceOrientationLandscapeRight UIInterfaceOrientationPortrait";
				IPHONEOS_DEPLOYMENT_TARGET = 16.0;
				LD_RUNPATH_SEARCH_PATHS = (
					"$(inherited)",
					"@executable_path/Frameworks",
				);
				MARKETING_VERSION = 1.0;
				PRODUCT_BUNDLE_IDENTIFIER = "inpost.pl.InPost-Interview-Coding-Task";
				PRODUCT_NAME = "$(TARGET_NAME)";
				SUPPORTED_PLATFORMS = "iphoneos iphonesimulator";
				SUPPORTS_MACCATALYST = NO;
				SUPPORTS_MAC_DESIGNED_FOR_IPHONE_IPAD = NO;
				SWIFT_EMIT_LOC_STRINGS = YES;
				SWIFT_VERSION = 5.0;
				TARGETED_DEVICE_FAMILY = 1;
			};
			name = Debug;
		};
		D671D9802913E529001FA9D5 /* Release */ = {
			isa = XCBuildConfiguration;
			baseConfigurationReference = 83D85C87E2E58F658C011C49 /* Pods-InPost Interview Coding Task.release.xcconfig */;
			buildSettings = {
				ASSETCATALOG_COMPILER_APPICON_NAME = AppIcon;
				ASSETCATALOG_COMPILER_GLOBAL_ACCENT_COLOR_NAME = AccentColor;
				CODE_SIGN_STYLE = Automatic;
				CURRENT_PROJECT_VERSION = 1;
				DEVELOPMENT_TEAM = "";
				GENERATE_INFOPLIST_FILE = YES;
				INFOPLIST_FILE = "InPost Interview Coding Task/Info.plist";
				INFOPLIST_KEY_CFBundleDisplayName = "InPost Recruitment Task";
				INFOPLIST_KEY_UIApplicationSupportsIndirectInputEvents = YES;
				INFOPLIST_KEY_UILaunchStoryboardName = LaunchScreen.storyboard;
				INFOPLIST_KEY_UISupportedInterfaceOrientations = "UIInterfaceOrientationLandscapeLeft UIInterfaceOrientationLandscapeRight UIInterfaceOrientationPortrait";
				IPHONEOS_DEPLOYMENT_TARGET = 16.0;
				LD_RUNPATH_SEARCH_PATHS = (
					"$(inherited)",
					"@executable_path/Frameworks",
				);
				MARKETING_VERSION = 1.0;
				PRODUCT_BUNDLE_IDENTIFIER = "inpost.pl.InPost-Interview-Coding-Task";
				PRODUCT_NAME = "$(TARGET_NAME)";
				SUPPORTED_PLATFORMS = "iphoneos iphonesimulator";
				SUPPORTS_MACCATALYST = NO;
				SUPPORTS_MAC_DESIGNED_FOR_IPHONE_IPAD = NO;
				SWIFT_EMIT_LOC_STRINGS = YES;
				SWIFT_VERSION = 5.0;
				TARGETED_DEVICE_FAMILY = 1;
			};
			name = Release;
		};
		D671D9822913E529001FA9D5 /* Debug */ = {
			isa = XCBuildConfiguration;
			baseConfigurationReference = 96F920E0E0807B41F317A8DF /* Pods-InPost Interview Coding TaskTests.debug.xcconfig */;
			buildSettings = {
				ALWAYS_EMBED_SWIFT_STANDARD_LIBRARIES = YES;
				BUNDLE_LOADER = "$(TEST_HOST)";
				CODE_SIGN_STYLE = Automatic;
				CURRENT_PROJECT_VERSION = 1;
				GENERATE_INFOPLIST_FILE = YES;
				IPHONEOS_DEPLOYMENT_TARGET = 16.1;
				MARKETING_VERSION = 1.0;
				PRODUCT_BUNDLE_IDENTIFIER = "inpost.pl.InPost-Interview-Coding-TaskTests";
				PRODUCT_NAME = "$(TARGET_NAME)";
				SWIFT_EMIT_LOC_STRINGS = NO;
				SWIFT_VERSION = 5.0;
				TARGETED_DEVICE_FAMILY = "1,2";
				TEST_HOST = "$(BUILT_PRODUCTS_DIR)/InPost Interview Coding Task.app/$(BUNDLE_EXECUTABLE_FOLDER_PATH)/InPost Interview Coding Task";
			};
			name = Debug;
		};
		D671D9832913E529001FA9D5 /* Release */ = {
			isa = XCBuildConfiguration;
			baseConfigurationReference = 5E926BF62306256BFA253197 /* Pods-InPost Interview Coding TaskTests.release.xcconfig */;
			buildSettings = {
				ALWAYS_EMBED_SWIFT_STANDARD_LIBRARIES = YES;
				BUNDLE_LOADER = "$(TEST_HOST)";
				CODE_SIGN_STYLE = Automatic;
				CURRENT_PROJECT_VERSION = 1;
				GENERATE_INFOPLIST_FILE = YES;
				IPHONEOS_DEPLOYMENT_TARGET = 16.1;
				MARKETING_VERSION = 1.0;
				PRODUCT_BUNDLE_IDENTIFIER = "inpost.pl.InPost-Interview-Coding-TaskTests";
				PRODUCT_NAME = "$(TARGET_NAME)";
				SWIFT_EMIT_LOC_STRINGS = NO;
				SWIFT_VERSION = 5.0;
				TARGETED_DEVICE_FAMILY = "1,2";
				TEST_HOST = "$(BUILT_PRODUCTS_DIR)/InPost Interview Coding Task.app/$(BUNDLE_EXECUTABLE_FOLDER_PATH)/InPost Interview Coding Task";
			};
			name = Release;
		};
/* End XCBuildConfiguration section */

/* Begin XCConfigurationList section */
		D671D94F2913E528001FA9D5 /* Build configuration list for PBXProject "InPost Interview Coding Task" */ = {
			isa = XCConfigurationList;
			buildConfigurations = (
				D671D97C2913E529001FA9D5 /* Debug */,
				D671D97D2913E529001FA9D5 /* Release */,
			);
			defaultConfigurationIsVisible = 0;
			defaultConfigurationName = Release;
		};
		D671D97E2913E529001FA9D5 /* Build configuration list for PBXNativeTarget "InPost Interview Coding Task" */ = {
			isa = XCConfigurationList;
			buildConfigurations = (
				D671D97F2913E529001FA9D5 /* Debug */,
				D671D9802913E529001FA9D5 /* Release */,
			);
			defaultConfigurationIsVisible = 0;
			defaultConfigurationName = Release;
		};
		D671D9812913E529001FA9D5 /* Build configuration list for PBXNativeTarget "InPost Interview Coding TaskTests" */ = {
			isa = XCConfigurationList;
			buildConfigurations = (
				D671D9822913E529001FA9D5 /* Debug */,
				D671D9832913E529001FA9D5 /* Release */,
			);
			defaultConfigurationIsVisible = 0;
			defaultConfigurationName = Release;
		};
/* End XCConfigurationList section */
	};
	rootObject = D671D94C2913E528001FA9D5 /* Project object */;
}
